
Microsoft Visual Studio Solution File, Format Version 12.00
# Visual Studio Version 17
VisualStudioVersion = 17.4.33213.308
MinimumVisualStudioVersion = 10.0.40219.1
Project("{FAE04EC0-301F-11D3-BF4B-00C04F79EFBC}") = "ContactsAPI", "ContactsAPI\ContactsAPI.csproj", "{AC7913C3-5B05-4FD8-ADC2-AF0C392908CC}"
EndProject
Global
	GlobalSection(SolutionConfigurationPlatforms) = preSolution
		Debug|Any CPU = Debug|Any CPU
		Release|Any CPU = Release|Any CPU
	EndGlobalSection
	GlobalSection(ProjectConfigurationPlatforms) = postSolution
		{AC7913C3-5B05-4FD8-ADC2-AF0C392908CC}.Debug|Any CPU.ActiveCfg = Debug|Any CPU
		{AC7913C3-5B05-4FD8-ADC2-AF0C392908CC}.Debug|Any CPU.Build.0 = Debug|Any CPU
		{AC7913C3-5B05-4FD8-ADC2-AF0C392908CC}.Release|Any CPU.ActiveCfg = Release|Any CPU
		{AC7913C3-5B05-4FD8-ADC2-AF0C392908CC}.Release|Any CPU.Build.0 = Release|Any CPU
	EndGlobalSection
	GlobalSection(SolutionProperties) = preSolution
		HideSolutionNode = FALSE
	EndGlobalSection
	GlobalSection(ExtensibilityGlobals) = postSolution
		SolutionGuid = {98716AB1-EBF9-4AE5-B89C-3CD4B8AA9B83}
	EndGlobalSection
EndGlobal
